
Microsoft Visual Studio Solution File, Format Version 12.00
# Visual Studio 15
VisualStudioVersion = 15.0.26730.16
MinimumVisualStudioVersion = 10.0.40219.1
Project("{FAE04EC0-301F-11D3-BF4B-00C04F79EFBC}") = "YarnCacher", "YarnCacher\YarnCacher.csproj", "{5E18776F-BDF3-498A-9A2B-A42BA50F044D}"
EndProject
Global
	GlobalSection(SolutionConfigurationPlatforms) = preSolution
		Debug|Any CPU = Debug|Any CPU
		Release|Any CPU = Release|Any CPU
	EndGlobalSection
	GlobalSection(ProjectConfigurationPlatforms) = postSolution
		{5E18776F-BDF3-498A-9A2B-A42BA50F044D}.Debug|Any CPU.ActiveCfg = Debug|Any CPU
		{5E18776F-BDF3-498A-9A2B-A42BA50F044D}.Debug|Any CPU.Build.0 = Debug|Any CPU
		{5E18776F-BDF3-498A-9A2B-A42BA50F044D}.Release|Any CPU.ActiveCfg = Release|Any CPU
		{5E18776F-BDF3-498A-9A2B-A42BA50F044D}.Release|Any CPU.Build.0 = Release|Any CPU
	EndGlobalSection
	GlobalSection(SolutionProperties) = preSolution
		HideSolutionNode = FALSE
	EndGlobalSection
	GlobalSection(ExtensibilityGlobals) = postSolution
		SolutionGuid = {950E93A5-6EAF-4CDF-B73D-DFBADF304644}
	EndGlobalSection
EndGlobal
